{
  "name": "global",
  "lockfileVersion": 3,
  "requires": true,
  "packages": {
    "": {
      "dependencies": {
        "@anthropic-ai/claude-code": "^2.1.71",
        "@openai/codex": "^0.111.0",
        "@sourcegraph/amp": "^0.0.1772956922-gc6107a",
        "@typescript/native-preview": "^7.0.0-dev.20260308.1",
        "opencode-ai": "^1.2.21"
      }
    },
    "node_modules/@anthropic-ai/claude-code": {
      "version": "2.1.71",
      "resolved": "https://registry.npmjs.org/@anthropic-ai/claude-code/-/claude-code-2.1.71.tgz",
      "integrity": "sha512-DHvvzMifwmLnnUlR3cZ//Y8VjGmZxvs6+uJmiI1B0jewQykfI5dT9tfK1sdLfHj8ukofu2lx93/CzamqDInDxg==",
      "license": "SEE LICENSE IN README.md",
      "bin": {
        "claude": "cli.js"
      },
      "engines": {
        "node": ">=18.0.0"
      },
      "optionalDependencies": {
        "@img/sharp-darwin-arm64": "^0.34.2",
        "@img/sharp-darwin-x64": "^0.34.2",
        "@img/sharp-linux-arm": "^0.34.2",
        "@img/sharp-linux-arm64": "^0.34.2",
        "@img/sharp-linux-x64": "^0.34.2",
        "@img/sharp-linuxmusl-arm64": "^0.34.2",
        "@img/sharp-linuxmusl-x64": "^0.34.2",
        "@img/sharp-win32-arm64": "^0.34.2",
        "@img/sharp-win32-x64": "^0.34.2"
      }
    },
    "node_modules/@img/sharp-darwin-arm64": {
      "version": "0.34.5",
      "resolved": "https://registry.npmjs.org/@img/sharp-darwin-arm64/-/sharp-darwin-arm64-0.34.5.tgz",
      "integrity": "sha512-imtQ3WMJXbMY4fxb/Ndp6HBTNVtWCUI0WdobyheGf5+ad6xX8VIDO8u2xE4qc/fr08CKG/7dDseFtn6M6g/r3w==",
      "cpu": [
        "arm64"
      ],
      "license": "Apache-2.0",
      "optional": true,
      "os": [
        "darwin"
      ],
      "engines": {
        "node": "^18.17.0 || ^20.3.0 || >=21.0.0"
      },
      "funding": {
        "url": "https://opencollective.com/libvips"
      },
      "optionalDependencies": {
        "@img/sharp-libvips-darwin-arm64": "1.2.4"
      }
    },
    "node_modules/@img/sharp-darwin-x64": {
      "version": "0.34.5",
      "resolved": "https://registry.npmjs.org/@img/sharp-darwin-x64/-/sharp-darwin-x64-0.34.5.tgz",
      "integrity": "sha512-YNEFAF/4KQ/PeW0N+r+aVVsoIY0/qxxikF2SWdp+NRkmMB7y9LBZAVqQ4yhGCm/H3H270OSykqmQMKLBhBJDEw==",
      "cpu": [
        "x64"
      ],
      "license": "Apache-2.0",
      "optional": true,
      "os": [
        "darwin"
      ],
      "engines": {
        "node": "^18.17.0 || ^20.3.0 || >=21.0.0"
      },
      "funding": {
        "url": "https://opencollective.com/libvips"
      },
      "optionalDependencies": {
        "@img/sharp-libvips-darwin-x64": "1.2.4"
      }
    },
    "node_modules/@img/sharp-libvips-darwin-arm64": {
      "version": "1.2.4",
      "resolved": "https://registry.npmjs.org/@img/sharp-libvips-darwin-arm64/-/sharp-libvips-darwin-arm64-1.2.4.tgz",
      "integrity": "sha512-zqjjo7RatFfFoP0MkQ51jfuFZBnVE2pRiaydKJ1G/rHZvnsrHAOcQALIi9sA5co5xenQdTugCvtb1cuf78Vf4g==",
      "cpu": [
        "arm64"
      ],
      "license": "LGPL-3.0-or-later",
      "optional": true,
      "os": [
        "darwin"
      ],
      "funding": {
        "url": "https://opencollective.com/libvips"
      }
    },
    "node_modules/@img/sharp-libvips-darwin-x64": {
      "version": "1.2.4",
      "resolved": "https://registry.npmjs.org/@img/sharp-libvips-darwin-x64/-/sharp-libvips-darwin-x64-1.2.4.tgz",
      "integrity": "sha512-1IOd5xfVhlGwX+zXv2N93k0yMONvUlANylbJw1eTah8K/Jtpi15KC+WSiaX/nBmbm2HxRM1gZ0nSdjSsrZbGKg==",
      "cpu": [
        "x64"
      ],
      "license": "LGPL-3.0-or-later",
      "optional": true,
      "os": [
        "darwin"
      ],
      "funding": {
        "url": "https://opencollective.com/libvips"
      }
    },
    "node_modules/@img/sharp-libvips-linux-arm": {
      "version": "1.2.4",
      "resolved": "https://registry.npmjs.org/@img/sharp-libvips-linux-arm/-/sharp-libvips-linux-arm-1.2.4.tgz",
      "integrity": "sha512-bFI7xcKFELdiNCVov8e44Ia4u2byA+l3XtsAj+Q8tfCwO6BQ8iDojYdvoPMqsKDkuoOo+X6HZA0s0q11ANMQ8A==",
      "cpu": [
        "arm"
      ],
      "license": "LGPL-3.0-or-later",
      "optional": true,
      "os": [
        "linux"
      ],
      "funding": {
        "url": "https://opencollective.com/libvips"
      }
    },
    "node_modules/@img/sharp-libvips-linux-arm64": {
      "version": "1.2.4",
      "resolved": "https://registry.npmjs.org/@img/sharp-libvips-linux-arm64/-/sharp-libvips-linux-arm64-1.2.4.tgz",
      "integrity": "sha512-excjX8DfsIcJ10x1Kzr4RcWe1edC9PquDRRPx3YVCvQv+U5p7Yin2s32ftzikXojb1PIFc/9Mt28/y+iRklkrw==",
      "cpu": [
        "arm64"
      ],
      "license": "LGPL-3.0-or-later",
      "optional": true,
      "os": [
        "linux"
      ],
      "funding": {
        "url": "https://opencollective.com/libvips"
      }
    },
    "node_modules/@img/sharp-libvips-linux-x64": {
      "version": "1.2.4",
      "resolved": "https://registry.npmjs.org/@img/sharp-libvips-linux-x64/-/sharp-libvips-linux-x64-1.2.4.tgz",
      "integrity": "sha512-tJxiiLsmHc9Ax1bz3oaOYBURTXGIRDODBqhveVHonrHJ9/+k89qbLl0bcJns+e4t4rvaNBxaEZsFtSfAdquPrw==",
      "cpu": [
        "x64"
      ],
      "license": "LGPL-3.0-or-later",
      "optional": true,
      "os": [
        "linux"
      ],
      "funding": {
        "url": "https://opencollective.com/libvips"
      }
    },
    "node_modules/@img/sharp-libvips-linuxmusl-arm64": {
      "version": "1.2.4",
      "resolved": "https://registry.npmjs.org/@img/sharp-libvips-linuxmusl-arm64/-/sharp-libvips-linuxmusl-arm64-1.2.4.tgz",
      "integrity": "sha512-FVQHuwx1IIuNow9QAbYUzJ+En8KcVm9Lk5+uGUQJHaZmMECZmOlix9HnH7n1TRkXMS0pGxIJokIVB9SuqZGGXw==",
      "cpu": [
        "arm64"
      ],
      "license": "LGPL-3.0-or-later",
      "optional": true,
      "os": [
        "linux"
      ],
      "funding": {
        "url": "https://opencollective.com/libvips"
      }
    },
    "node_modules/@img/sharp-libvips-linuxmusl-x64": {
      "version": "1.2.4",
      "resolved": "https://registry.npmjs.org/@img/sharp-libvips-linuxmusl-x64/-/sharp-libvips-linuxmusl-x64-1.2.4.tgz",
      "integrity": "sha512-+LpyBk7L44ZIXwz/VYfglaX/okxezESc6UxDSoyo2Ks6Jxc4Y7sGjpgU9s4PMgqgjj1gZCylTieNamqA1MF7Dg==",
      "cpu": [
        "x64"
      ],
      "license": "LGPL-3.0-or-later",
      "optional": true,
      "os": [
        "linux"
      ],
      "funding": {
        "url": "https://opencollective.com/libvips"
      }
    },
    "node_modules/@img/sharp-linux-arm": {
      "version": "0.34.5",
      "resolved": "https://registry.npmjs.org/@img/sharp-linux-arm/-/sharp-linux-arm-0.34.5.tgz",
      "integrity": "sha512-9dLqsvwtg1uuXBGZKsxem9595+ujv0sJ6Vi8wcTANSFpwV/GONat5eCkzQo/1O6zRIkh0m/8+5BjrRr7jDUSZw==",
      "cpu": [
        "arm"
      ],
      "license": "Apache-2.0",
      "optional": true,
      "os": [
        "linux"
      ],
      "engines": {
        "node": "^18.17.0 || ^20.3.0 || >=21.0.0"
      },
      "funding": {
        "url": "https://opencollective.com/libvips"
      },
      "optionalDependencies": {
        "@img/sharp-libvips-linux-arm": "1.2.4"
      }
    },
    "node_modules/@img/sharp-linux-arm64": {
      "version": "0.34.5",
      "resolved": "https://registry.npmjs.org/@img/sharp-linux-arm64/-/sharp-linux-arm64-0.34.5.tgz",
      "integrity": "sha512-bKQzaJRY/bkPOXyKx5EVup7qkaojECG6NLYswgktOZjaXecSAeCWiZwwiFf3/Y+O1HrauiE3FVsGxFg8c24rZg==",
      "cpu": [
        "arm64"
      ],
      "license": "Apache-2.0",
      "optional": true,
      "os": [
        "linux"
      ],
      "engines": {
        "node": "^18.17.0 || ^20.3.0 || >=21.0.0"
      },
      "funding": {
        "url": "https://opencollective.com/libvips"
      },
      "optionalDependencies": {
        "@img/sharp-libvips-linux-arm64": "1.2.4"
      }
    },
    "node_modules/@img/sharp-linux-x64": {
      "version": "0.34.5",
      "resolved": "https://registry.npmjs.org/@img/sharp-linux-x64/-/sharp-linux-x64-0.34.5.tgz",
      "integrity": "sha512-MEzd8HPKxVxVenwAa+JRPwEC7QFjoPWuS5NZnBt6B3pu7EG2Ge0id1oLHZpPJdn3OQK+BQDiw9zStiHBTJQQQQ==",
      "cpu": [
        "x64"
      ],
      "license": "Apache-2.0",
      "optional": true,
      "os": [
        "linux"
      ],
      "engines": {
        "node": "^18.17.0 || ^20.3.0 || >=21.0.0"
      },
      "funding": {
        "url": "https://opencollective.com/libvips"
      },
      "optionalDependencies": {
        "@img/sharp-libvips-linux-x64": "1.2.4"
      }
    },
    "node_modules/@img/sharp-linuxmusl-arm64": {
      "version": "0.34.5",
      "resolved": "https://registry.npmjs.org/@img/sharp-linuxmusl-arm64/-/sharp-linuxmusl-arm64-0.34.5.tgz",
      "integrity": "sha512-fprJR6GtRsMt6Kyfq44IsChVZeGN97gTD331weR1ex1c1rypDEABN6Tm2xa1wE6lYb5DdEnk03NZPqA7Id21yg==",
      "cpu": [
        "arm64"
      ],
      "license": "Apache-2.0",
      "optional": true,
      "os": [
        "linux"
      ],
      "engines": {
        "node": "^18.17.0 || ^20.3.0 || >=21.0.0"
      },
      "funding": {
        "url": "https://opencollective.com/libvips"
      },
      "optionalDependencies": {
        "@img/sharp-libvips-linuxmusl-arm64": "1.2.4"
      }
    },
    "node_modules/@img/sharp-linuxmusl-x64": {
      "version": "0.34.5",
      "resolved": "https://registry.npmjs.org/@img/sharp-linuxmusl-x64/-/sharp-linuxmusl-x64-0.34.5.tgz",
      "integrity": "sha512-Jg8wNT1MUzIvhBFxViqrEhWDGzqymo3sV7z7ZsaWbZNDLXRJZoRGrjulp60YYtV4wfY8VIKcWidjojlLcWrd8Q==",
      "cpu": [
        "x64"
      ],
      "license": "Apache-2.0",
      "optional": true,
      "os": [
        "linux"
      ],
      "engines": {
        "node": "^18.17.0 || ^20.3.0 || >=21.0.0"
      },
      "funding": {
        "url": "https://opencollective.com/libvips"
      },
      "optionalDependencies": {
        "@img/sharp-libvips-linuxmusl-x64": "1.2.4"
      }
    },
    "node_modules/@img/sharp-win32-arm64": {
      "version": "0.34.5",
      "resolved": "https://registry.npmjs.org/@img/sharp-win32-arm64/-/sharp-win32-arm64-0.34.5.tgz",
      "integrity": "sha512-WQ3AgWCWYSb2yt+IG8mnC6Jdk9Whs7O0gxphblsLvdhSpSTtmu69ZG1Gkb6NuvxsNACwiPV6cNSZNzt0KPsw7g==",
      "cpu": [
        "arm64"
      ],
      "license": "Apache-2.0 AND LGPL-3.0-or-later",
      "optional": true,
      "os": [
        "win32"
      ],
      "engines": {
        "node": "^18.17.0 || ^20.3.0 || >=21.0.0"
      },
      "funding": {
        "url": "https://opencollective.com/libvips"
      }
    },
    "node_modules/@img/sharp-win32-x64": {
      "version": "0.34.5",
      "resolved": "https://registry.npmjs.org/@img/sharp-win32-x64/-/sharp-win32-x64-0.34.5.tgz",
      "integrity": "sha512-+29YMsqY2/9eFEiW93eqWnuLcWcufowXewwSNIT6UwZdUUCrM3oFjMWH/Z6/TMmb4hlFenmfAVbpWeup2jryCw==",
      "cpu": [
        "x64"
      ],
      "license": "Apache-2.0 AND LGPL-3.0-or-later",
      "optional": true,
      "os": [
        "win32"
      ],
      "engines": {
        "node": "^18.17.0 || ^20.3.0 || >=21.0.0"
      },
      "funding": {
        "url": "https://opencollective.com/libvips"
      }
    },
    "node_modules/@napi-rs/keyring": {
      "version": "1.1.9",
      "resolved": "https://registry.npmjs.org/@napi-rs/keyring/-/keyring-1.1.9.tgz",
      "integrity": "sha512-qjg04yaJ/gFqgG7wDqLlWBvZpsjvYDtwL+xOr2vSM2JrhojuIKsw7pH013U7xJOradTVGeQqhwqgZtt2IblgOw==",
      "license": "MIT",
      "engines": {
        "node": ">= 10"
      },
      "funding": {
        "type": "github",
        "url": "https://github.com/sponsors/Brooooooklyn"
      },
      "optionalDependencies": {
        "@napi-rs/keyring-darwin-arm64": "1.1.9",
        "@napi-rs/keyring-darwin-x64": "1.1.9",
        "@napi-rs/keyring-freebsd-x64": "1.1.9",
        "@napi-rs/keyring-linux-arm-gnueabihf": "1.1.9",
        "@napi-rs/keyring-linux-arm64-gnu": "1.1.9",
        "@napi-rs/keyring-linux-arm64-musl": "1.1.9",
        "@napi-rs/keyring-linux-riscv64-gnu": "1.1.9",
        "@napi-rs/keyring-linux-x64-gnu": "1.1.9",
        "@napi-rs/keyring-linux-x64-musl": "1.1.9",
        "@napi-rs/keyring-win32-arm64-msvc": "1.1.9",
        "@napi-rs/keyring-win32-ia32-msvc": "1.1.9",
        "@napi-rs/keyring-win32-x64-msvc": "1.1.9"
      }
    },
    "node_modules/@napi-rs/keyring-darwin-arm64": {
      "version": "1.1.9",
      "resolved": "https://registry.npmjs.org/@napi-rs/keyring-darwin-arm64/-/keyring-darwin-arm64-1.1.9.tgz",
      "integrity": "sha512-/lVnrSFrut+8pQC6IcqlfHKzcEmf2XvQDOZPB5X4vI23GrNXBd56EuBlFPdTBtx46A8Bn+Aqi6pS8cnprHtcCw==",
      "cpu": [
        "arm64"
      ],
      "license": "MIT",
      "optional": true,
      "os": [
        "darwin"
      ],
      "engines": {
        "node": ">= 10"
      }
    },
    "node_modules/@napi-rs/keyring-darwin-x64": {
      "version": "1.1.9",
      "resolved": "https://registry.npmjs.org/@napi-rs/keyring-darwin-x64/-/keyring-darwin-x64-1.1.9.tgz",
      "integrity": "sha512-G3PiFZTAFTzUnpSB31A/UaPjl48/3sDTLmLxaAZBEk7HcOyBnL31gA1YqhDCO7F2y5sD5TWiFiuID9MyqYOcjw==",
      "cpu": [
        "x64"
      ],
      "license": "MIT",
      "optional": true,
      "os": [
        "darwin"
      ],
      "engines": {
        "node": ">= 10"
      }
    },
    "node_modules/@napi-rs/keyring-freebsd-x64": {
      "version": "1.1.9",
      "resolved": "https://registry.npmjs.org/@napi-rs/keyring-freebsd-x64/-/keyring-freebsd-x64-1.1.9.tgz",
      "integrity": "sha512-R4XbvRhEzQyOy4yM+SMDgk8BgkLPkIzXGwR6QR0wJ2YrPeBx3F2TrgdHfsIGSn/X5Axg/2UlrCiZVciZ5BmusA==",
      "cpu": [
        "x64"
      ],
      "license": "MIT",
      "optional": true,
      "os": [
        "freebsd"
      ],
      "engines": {
        "node": ">= 10"
      }
    },
    "node_modules/@napi-rs/keyring-linux-arm-gnueabihf": {
      "version": "1.1.9",
      "resolved": "https://registry.npmjs.org/@napi-rs/keyring-linux-arm-gnueabihf/-/keyring-linux-arm-gnueabihf-1.1.9.tgz",
      "integrity": "sha512-UrKy110I+zQyBtw4HLVUqZ1jDq11K3PmQIYgWAJNwB5VQOj4IQ63zLxk4V01Jx4bNOJmGNlvHDJUAyh/lC5Yww==",
      "cpu": [
        "arm"
      ],
      "license": "MIT",
      "optional": true,
      "os": [
        "linux"
      ],
      "engines": {
        "node": ">= 10"
      }
    },
    "node_modules/@napi-rs/keyring-linux-arm64-gnu": {
      "version": "1.1.9",
      "resolved": "https://registry.npmjs.org/@napi-rs/keyring-linux-arm64-gnu/-/keyring-linux-arm64-gnu-1.1.9.tgz",
      "integrity": "sha512-yOrhVpNGexDYzybe3dhmHQRPBDjlZPtJDE+eGSi1JwEqYlWDB+4IWjRsetxnO63DhnMFRLeMTdwWghsYrA7VwA==",
      "cpu": [
        "arm64"
      ],
      "license": "MIT",
      "optional": true,
      "os": [
        "linux"
      ],
      "engines": {
        "node": ">= 10"
      }
    },
    "node_modules/@napi-rs/keyring-linux-arm64-musl": {
      "version": "1.1.9",
      "resolved": "https://registry.npmjs.org/@napi-rs/keyring-linux-arm64-musl/-/keyring-linux-arm64-musl-1.1.9.tgz",
      "integrity": "sha512-82EcuzoV/+Dxwi1HHhrEEprN5Ou7OsRKyTJSaRqiVuGvLaQDUhZX/4zXTTh4Pz24m22Q4aoJogafS31w8iKGGw==",
      "cpu": [
        "arm64"
      ],
      "license": "MIT",
      "optional": true,
      "os": [
        "linux"
      ],
      "engines": {
        "node": ">= 10"
      }
    },
    "node_modules/@napi-rs/keyring-linux-riscv64-gnu": {
      "version": "1.1.9",
      "resolved": "https://registry.npmjs.org/@napi-rs/keyring-linux-riscv64-gnu/-/keyring-linux-riscv64-gnu-1.1.9.tgz",
      "integrity": "sha512-Q1ar7DszC1X8FW6w7Ql7b72GFeAUxkTiOuxXChCFBy7eWCQSDrr52ZLroIowp82RmkQLZebnK+IwSssD2Ntoag==",
      "cpu": [
        "riscv64"
      ],
      "license": "MIT",
      "optional": true,
      "os": [
        "linux"
      ],
      "engines": {
        "node": ">= 10"
      }
    },
    "node_modules/@napi-rs/keyring-linux-x64-gnu": {
      "version": "1.1.9",
      "resolved": "https://registry.npmjs.org/@napi-rs/keyring-linux-x64-gnu/-/keyring-linux-x64-gnu-1.1.9.tgz",
      "integrity": "sha512-LMvrYt1ho3pEDECssA7ATbcMDgayEUwwSD+UfrC7Hj1+C6dlvipwt5njwUDCno2OeXbjjisCo4CR9fDmXa4sZA==",
      "cpu": [
        "x64"
      ],
      "license": "MIT",
      "optional": true,
      "os": [
        "linux"
      ],
      "engines": {
        "node": ">= 10"
      }
    },
    "node_modules/@napi-rs/keyring-linux-x64-musl": {
      "version": "1.1.9",
      "resolved": "https://registry.npmjs.org/@napi-rs/keyring-linux-x64-musl/-/keyring-linux-x64-musl-1.1.9.tgz",
      "integrity": "sha512-x2i/TgS2/fM+6LRj1MrtVC580sepz5GcxbSCXpttx2H58uZKBF0vVM9HDPHoKP2w5++fyrA17eltJNYN3Ob46A==",
      "cpu": [
        "x64"
      ],
      "license": "MIT",
      "optional": true,
      "os": [
        "linux"
      ],
      "engines": {
        "node": ">= 10"
      }
    },
    "node_modules/@napi-rs/keyring-win32-arm64-msvc": {
      "version": "1.1.9",
      "resolved": "https://registry.npmjs.org/@napi-rs/keyring-win32-arm64-msvc/-/keyring-win32-arm64-msvc-1.1.9.tgz",
      "integrity": "sha512-14t6p8CTBNfGzLO5LXqurT+pAOf/ocGjOM/qiG/LW+jPkhyJYBNI9e3HKq3QX+ObbnxVpt4fAY02b4XLt7EWig==",
      "cpu": [
        "arm64"
      ],
      "license": "MIT",
      "optional": true,
      "os": [
        "win32"
      ],
      "engines": {
        "node": ">= 10"
      }
    },
    "node_modules/@napi-rs/keyring-win32-ia32-msvc": {
      "version": "1.1.9",
      "resolved": "https://registry.npmjs.org/@napi-rs/keyring-win32-ia32-msvc/-/keyring-win32-ia32-msvc-1.1.9.tgz",
      "integrity": "sha512-7+7aXz5op6PtOnWYcK1GYXWQlk2zfpdPt9taLqmCCVpk1g4m3Gw1wyKyQxjrg9clHWdNhdWxhFEA0osDxG8/Eg==",
      "cpu": [
        "ia32"
      ],
      "license": "MIT",
      "optional": true,
      "os": [
        "win32"
      ],
      "engines": {
        "node": ">= 10"
      }
    },
    "node_modules/@napi-rs/keyring-win32-x64-msvc": {
      "version": "1.1.9",
      "resolved": "https://registry.npmjs.org/@napi-rs/keyring-win32-x64-msvc/-/keyring-win32-x64-msvc-1.1.9.tgz",
      "integrity": "sha512-P1wsSrSqDqvcXLL7yiH2RsO3De65wuEQj1ZjV9s1MHfEP5dIdriNYZfFsRBlOsl32GoK3qFzsuH5DTVviGEHSw==",
      "cpu": [
        "x64"
      ],
      "license": "MIT",
      "optional": true,
      "os": [
        "win32"
      ],
      "engines": {
        "node": ">= 10"
      }
    },
    "node_modules/@openai/codex": {
      "version": "0.111.0",
      "resolved": "https://registry.npmjs.org/@openai/codex/-/codex-0.111.0.tgz",
      "integrity": "sha512-69Mw8//xBEHIgQ11tlYbz7HI2kndOs9GNnMVGzmTgsR48x2ZyYiZR1n4z2M+aR0A9BoarGxPIcbu2aEzVP/L0g==",
      "license": "Apache-2.0",
      "bin": {
        "codex": "bin/codex.js"
      },
      "engines": {
        "node": ">=16"
      },
      "optionalDependencies": {
        "@openai/codex-darwin-arm64": "npm:@openai/codex@0.111.0-darwin-arm64",
        "@openai/codex-darwin-x64": "npm:@openai/codex@0.111.0-darwin-x64",
        "@openai/codex-linux-arm64": "npm:@openai/codex@0.111.0-linux-arm64",
        "@openai/codex-linux-x64": "npm:@openai/codex@0.111.0-linux-x64",
        "@openai/codex-win32-arm64": "npm:@openai/codex@0.111.0-win32-arm64",
        "@openai/codex-win32-x64": "npm:@openai/codex@0.111.0-win32-x64"
      }
    },
    "node_modules/@openai/codex-darwin-arm64": {
      "name": "@openai/codex",
      "version": "0.111.0-darwin-arm64",
      "resolved": "https://registry.npmjs.org/@openai/codex/-/codex-0.111.0-darwin-arm64.tgz",
      "integrity": "sha512-g8QkNUqacCUs7aU/Yd+gtiDlVV6sYyQl9tjBGgwjdfHCdmSKD47tD2tWRugXZ4D/uEe/6RxlUv65JnU5V0PW8A==",
      "cpu": [
        "arm64"
      ],
      "license": "Apache-2.0",
      "optional": true,
      "os": [
        "darwin"
      ],
      "engines": {
        "node": ">=16"
      }
    },
    "node_modules/@openai/codex-darwin-x64": {
      "name": "@openai/codex",
      "version": "0.111.0-darwin-x64",
      "resolved": "https://registry.npmjs.org/@openai/codex/-/codex-0.111.0-darwin-x64.tgz",
      "integrity": "sha512-WfjErI0IWMSu17XoiPstvph6MX2wFZd9zrwKCWkYLrN68mNYKfBgZE7pSCb9Z3nxVMbaphq8jhf0kImCWCsatQ==",
      "cpu": [
        "x64"
      ],
      "license": "Apache-2.0",
      "optional": true,
      "os": [
        "darwin"
      ],
      "engines": {
        "node": ">=16"
      }
    },
    "node_modules/@openai/codex-linux-arm64": {
      "name": "@openai/codex",
      "version": "0.111.0-linux-arm64",
      "resolved": "https://registry.npmjs.org/@openai/codex/-/codex-0.111.0-linux-arm64.tgz",
      "integrity": "sha512-/ABn3UhcbnJEhRNUH/BUcG/lr2n/CeacyXORWpHScNkkjMPUOkyNudUOyuoZjwybHU2PAmbpLIf5exXVNRvu2g==",
      "cpu": [
        "arm64"
      ],
      "license": "Apache-2.0",
      "optional": true,
      "os": [
        "linux"
      ],
      "engines": {
        "node": ">=16"
      }
    },
    "node_modules/@openai/codex-linux-x64": {
      "name": "@openai/codex",
      "version": "0.111.0-linux-x64",
      "resolved": "https://registry.npmjs.org/@openai/codex/-/codex-0.111.0-linux-x64.tgz",
      "integrity": "sha512-Cj82IUWtHkqMw3JpODGnkL9lyHhGLIAMHU9+3CosKLtOHUB4A9W3zKEBJrrlsi6QruvYVWrb/7t/xGb82fna0Q==",
      "cpu": [
        "x64"
      ],
      "license": "Apache-2.0",
      "optional": true,
      "os": [
        "linux"
      ],
      "engines": {
        "node": ">=16"
      }
    },
    "node_modules/@openai/codex-win32-arm64": {
      "name": "@openai/codex",
      "version": "0.111.0-win32-arm64",
      "resolved": "https://registry.npmjs.org/@openai/codex/-/codex-0.111.0-win32-arm64.tgz",
      "integrity": "sha512-h6WaA/ixD9ucwcmSUbXpjmhyfptD6Yk3N2IynNjOCvqgXS3V7uaNTm6qHFgkvA9S2IbkS9gA+ydgxFVyU6w7eQ==",
      "cpu": [
        "arm64"
      ],
      "license": "Apache-2.0",
      "optional": true,
      "os": [
        "win32"
      ],
      "engines": {
        "node": ">=16"
      }
    },
    "node_modules/@openai/codex-win32-x64": {
      "name": "@openai/codex",
      "version": "0.111.0-win32-x64",
      "resolved": "https://registry.npmjs.org/@openai/codex/-/codex-0.111.0-win32-x64.tgz",
      "integrity": "sha512-jWCcI8Nv8kpr29VWmTrNpRw9zMGAc4sqy94mw13OgOcFcDtnuqdjtaJAswKHrZZbdT+kqDDZmi7Gvi/vsahvDA==",
      "cpu": [
        "x64"
      ],
      "license": "Apache-2.0",
      "optional": true,
      "os": [
        "win32"
      ],
      "engines": {
        "node": ">=16"
      }
    },
    "node_modules/@sourcegraph/amp": {
      "version": "0.0.1772956922-gc6107a",
      "resolved": "https://registry.npmjs.org/@sourcegraph/amp/-/amp-0.0.1772956922-gc6107a.tgz",
      "integrity": "sha512-+iLn7b4D4eMJM9yZ5s/Ri2gMz6G0Ml+cDWAE8CIx5mRBSEpx8AVvdIQYoYYms/4/Fk+BoVyDi20cgI6XUSIC9Q==",
      "license": "Amp Commercial License",
      "dependencies": {
        "@napi-rs/keyring": "1.1.9"
      },
      "bin": {
        "amp": "dist/main.js"
      },
      "engines": {
        "node": ">=20"
      }
    },
    "node_modules/@typescript/native-preview": {
      "version": "7.0.0-dev.20260308.1",
      "resolved": "https://registry.npmjs.org/@typescript/native-preview/-/native-preview-7.0.0-dev.20260308.1.tgz",
      "integrity": "sha512-8a3oe5IAfBkEfMouRheNhOXUScBSHIUknPvUdsbxx7s+Ja1lxFNA1X1TTl2T18vu72Q/mM86vxefw5eW8/ps3g==",
      "license": "Apache-2.0",
      "bin": {
        "tsgo": "bin/tsgo.js"
      },
      "optionalDependencies": {
        "@typescript/native-preview-darwin-arm64": "7.0.0-dev.20260308.1",
        "@typescript/native-preview-darwin-x64": "7.0.0-dev.20260308.1",
        "@typescript/native-preview-linux-arm": "7.0.0-dev.20260308.1",
        "@typescript/native-preview-linux-arm64": "7.0.0-dev.20260308.1",
        "@typescript/native-preview-linux-x64": "7.0.0-dev.20260308.1",
        "@typescript/native-preview-win32-arm64": "7.0.0-dev.20260308.1",
        "@typescript/native-preview-win32-x64": "7.0.0-dev.20260308.1"
      }
    },
    "node_modules/@typescript/native-preview-darwin-arm64": {
      "version": "7.0.0-dev.20260308.1",
      "resolved": "https://registry.npmjs.org/@typescript/native-preview-darwin-arm64/-/native-preview-darwin-arm64-7.0.0-dev.20260308.1.tgz",
      "integrity": "sha512-mywkctYr45fUBUYD35poInc9HEjup0zyCO5z3ZU2QC9eCQShpwYSDceoSCwxVKB/b/f/CU6H3LqINFeIz5CvrQ==",
      "cpu": [
        "arm64"
      ],
      "license": "Apache-2.0",
      "optional": true,
      "os": [
        "darwin"
      ]
    },
    "node_modules/@typescript/native-preview-darwin-x64": {
      "version": "7.0.0-dev.20260308.1",
      "resolved": "https://registry.npmjs.org/@typescript/native-preview-darwin-x64/-/native-preview-darwin-x64-7.0.0-dev.20260308.1.tgz",
      "integrity": "sha512-iF+Y4USbCiD5BxmXI6xYuy+S6d2BhxKDb3YHjchzqg3AgleDNTd2rqSzlWv4ku26V2iOSfpM9t1H/xluL9pgNw==",
      "cpu": [
        "x64"
      ],
      "license": "Apache-2.0",
      "optional": true,
      "os": [
        "darwin"
      ]
    },
    "node_modules/@typescript/native-preview-linux-arm": {
      "version": "7.0.0-dev.20260308.1",
      "resolved": "https://registry.npmjs.org/@typescript/native-preview-linux-arm/-/native-preview-linux-arm-7.0.0-dev.20260308.1.tgz",
      "integrity": "sha512-vg8hwfwIhT8CmYJI5lG3PP8IoNzKKBGbq1cKjxQabSZTPuQKwVFVity2XKTKZKd+qRGL7xW4UWMJZLFgSx3b2Q==",
      "cpu": [
        "arm"
      ],
      "license": "Apache-2.0",
      "optional": true,
      "os": [
        "linux"
      ]
    },
    "node_modules/@typescript/native-preview-linux-arm64": {
      "version": "7.0.0-dev.20260308.1",
      "resolved": "https://registry.npmjs.org/@typescript/native-preview-linux-arm64/-/native-preview-linux-arm64-7.0.0-dev.20260308.1.tgz",
      "integrity": "sha512-uEIIbW1JYPGEesVh/P5xA+xox7pQ6toeFPeke2X2H2bs5YkWHVaUQtVZuKNmGelw+2PCG6XRrXvMgMp056ebuQ==",
      "cpu": [
        "arm64"
      ],
      "license": "Apache-2.0",
      "optional": true,
      "os": [
        "linux"
      ]
    },
    "node_modules/@typescript/native-preview-linux-x64": {
      "version": "7.0.0-dev.20260308.1",
      "resolved": "https://registry.npmjs.org/@typescript/native-preview-linux-x64/-/native-preview-linux-x64-7.0.0-dev.20260308.1.tgz",
      "integrity": "sha512-Yd/ht0CGE4NYUAjuHa1u4VbiJbyUgvDh+b2o+Zcb2h5t8B761DIzDm24QqVXh+KhvGUoEodXWg3g3APxLHqj8Q==",
      "cpu": [
        "x64"
      ],
      "license": "Apache-2.0",
      "optional": true,
      "os": [
        "linux"
      ]
    },
    "node_modules/@typescript/native-preview-win32-arm64": {
      "version": "7.0.0-dev.20260308.1",
      "resolved": "https://registry.npmjs.org/@typescript/native-preview-win32-arm64/-/native-preview-win32-arm64-7.0.0-dev.20260308.1.tgz",
      "integrity": "sha512-Klk6BoiHegfPmkO0YYrXmbYVdPjOfN25lRkzenqDIwbyzPlABHvICCyo5YRvWD3HU4EeDfLisIFU9wEd/0duCw==",
      "cpu": [
        "arm64"
      ],
      "license": "Apache-2.0",
      "optional": true,
      "os": [
        "win32"
      ]
    },
    "node_modules/@typescript/native-preview-win32-x64": {
      "version": "7.0.0-dev.20260308.1",
      "resolved": "https://registry.npmjs.org/@typescript/native-preview-win32-x64/-/native-preview-win32-x64-7.0.0-dev.20260308.1.tgz",
      "integrity": "sha512-4LrXmaMfzedwczANIkD/M9guPD4EWuQnCxOJsJkdYi3ExWQDjIFwfmxTtAmfPBWxVExLfn7UUkz/yCtcv2Wd+w==",
      "cpu": [
        "x64"
      ],
      "license": "Apache-2.0",
      "optional": true,
      "os": [
        "win32"
      ]
    },
    "node_modules/opencode-ai": {
      "version": "1.2.21",
      "resolved": "https://registry.npmjs.org/opencode-ai/-/opencode-ai-1.2.21.tgz",
      "integrity": "sha512-NOmICNlPpT/7sONGYHq4Xx4P/do2Epa8OFZKJEJKiUQQHFIhJBC0uSdt2RvlM07tCOSMhmU7KsZr+I7CFhBrbg==",
      "hasInstallScript": true,
      "license": "MIT",
      "bin": {
        "opencode": "bin/opencode"
      },
      "optionalDependencies": {
        "opencode-darwin-arm64": "1.2.21",
        "opencode-darwin-x64": "1.2.21",
        "opencode-darwin-x64-baseline": "1.2.21",
        "opencode-linux-arm64": "1.2.21",
        "opencode-linux-arm64-musl": "1.2.21",
        "opencode-linux-x64": "1.2.21",
        "opencode-linux-x64-baseline": "1.2.21",
        "opencode-linux-x64-baseline-musl": "1.2.21",
        "opencode-linux-x64-musl": "1.2.21",
        "opencode-windows-x64": "1.2.21",
        "opencode-windows-x64-baseline": "1.2.21"
      }
    },
    "node_modules/opencode-darwin-arm64": {
      "version": "1.2.21",
      "resolved": "https://registry.npmjs.org/opencode-darwin-arm64/-/opencode-darwin-arm64-1.2.21.tgz",
      "integrity": "sha512-SudNzN8c63KAH9ypCbMflBq4cUjABnFf1FuSXuznadT/HU1phNqY6F64ilC6shUdYt4fjLYXO7k83ozLvzquww==",
      "cpu": [
        "arm64"
      ],
      "optional": true,
      "os": [
        "darwin"
      ]
    },
    "node_modules/opencode-darwin-x64": {
      "version": "1.2.21",
      "resolved": "https://registry.npmjs.org/opencode-darwin-x64/-/opencode-darwin-x64-1.2.21.tgz",
      "integrity": "sha512-6MgD0y85XDtMwiM29YXKh9rFNh7lrdgcZwRfaRJNgRAN78mnUct2595N0xal3jxqZP6WVJhrDWKI8VZa/t2uHg==",
      "cpu": [
        "x64"
      ],
      "optional": true,
      "os": [
        "darwin"
      ]
    },
    "node_modules/opencode-darwin-x64-baseline": {
      "version": "1.2.21",
      "resolved": "https://registry.npmjs.org/opencode-darwin-x64-baseline/-/opencode-darwin-x64-baseline-1.2.21.tgz",
      "integrity": "sha512-Cdg/9Cxc+61Y5VBjUBVUIZ9lWM3I64NB4ux5GMubZ//hgUJbPF/Ub1Z8ABEQFI1k3NlfbIDzrBC0r158R8Steg==",
      "cpu": [
        "x64"
      ],
      "optional": true,
      "os": [
        "darwin"
      ]
    },
    "node_modules/opencode-linux-arm64": {
      "version": "1.2.21",
      "resolved": "https://registry.npmjs.org/opencode-linux-arm64/-/opencode-linux-arm64-1.2.21.tgz",
      "integrity": "sha512-iW9R+UNEmSBbTs9D2naqLg4xzF+RDXjTHbNY+Q3jcOB/OWaSIx8ddm10HRpSjxQKK/ARB3Nic3qfjQxeafvJnw==",
      "cpu": [
        "arm64"
      ],
      "optional": true,
      "os": [
        "linux"
      ]
    },
    "node_modules/opencode-linux-arm64-musl": {
      "version": "1.2.21",
      "resolved": "https://registry.npmjs.org/opencode-linux-arm64-musl/-/opencode-linux-arm64-musl-1.2.21.tgz",
      "integrity": "sha512-diaZ3Zy4BXFPSq2/mFPFOpUP4RZXHYxfx0itrlX2JyGifT4EOZCmTI0wjzsWYKBvtkSL+dF3LO+p9eUNLAA8ng==",
      "cpu": [
        "arm64"
      ],
      "optional": true,
      "os": [
        "linux"
      ]
    },
    "node_modules/opencode-linux-x64": {
      "version": "1.2.21",
      "resolved": "https://registry.npmjs.org/opencode-linux-x64/-/opencode-linux-x64-1.2.21.tgz",
      "integrity": "sha512-vw7W1AEKf5s6pl69ge4yc4iNQvpVORNI6LT+xjuIc04mF30tykJ9lDbj9fxulVEizXFGJ44Ar5/48Ku23y5rOA==",
      "cpu": [
        "x64"
      ],
      "optional": true,
      "os": [
        "linux"
      ]
    },
    "node_modules/opencode-linux-x64-baseline": {
      "version": "1.2.21",
      "resolved": "https://registry.npmjs.org/opencode-linux-x64-baseline/-/opencode-linux-x64-baseline-1.2.21.tgz",
      "integrity": "sha512-1w2sfyLx8Nq3bEEvnpWfvJWxN+pgCrcth0kPRPsWMIP29c3vewbjM3vWvLYUVOLiKQ5OTFPL+IFeSJvLOrLGfw==",
      "cpu": [
        "x64"
      ],
      "optional": true,
      "os": [
        "linux"
      ]
    },
    "node_modules/opencode-linux-x64-baseline-musl": {
      "version": "1.2.21",
      "resolved": "https://registry.npmjs.org/opencode-linux-x64-baseline-musl/-/opencode-linux-x64-baseline-musl-1.2.21.tgz",
      "integrity": "sha512-8F7Sub7gpkIpRHxAJWVNvGvwtnCcz9+QgszoHlTEGARI6jvb+iVjS7klOabAoLspuay3akC0dA5oKzBejrTqCg==",
      "cpu": [
        "x64"
      ],
      "optional": true,
      "os": [
        "linux"
      ]
    },
    "node_modules/opencode-linux-x64-musl": {
      "version": "1.2.21",
      "resolved": "https://registry.npmjs.org/opencode-linux-x64-musl/-/opencode-linux-x64-musl-1.2.21.tgz",
      "integrity": "sha512-Qr5rtrUlZgTlh4jDPRguIdj5qfrFLSI/FJt8Z+Fwg2iHe5Hp7FL0PqHsI+1TBL8aZvJoXNzlDNXo0CoWP9LHBA==",
      "cpu": [
        "x64"
      ],
      "optional": true,
      "os": [
        "linux"
      ]
    },
    "node_modules/opencode-windows-x64": {
      "version": "1.2.21",
      "resolved": "https://registry.npmjs.org/opencode-windows-x64/-/opencode-windows-x64-1.2.21.tgz",
      "integrity": "sha512-RcY/6M05Q2uSJ7L4PsiEbFsoopA9q8eeVTkW+yRoNgKdmeBDyzHFY2da3hLOl+CHfR8rKAaUqrme7k0Znqryig==",
      "cpu": [
        "x64"
      ],
      "optional": true,
      "os": [
        "win32"
      ]
    },
    "node_modules/opencode-windows-x64-baseline": {
      "version": "1.2.21",
      "resolved": "https://registry.npmjs.org/opencode-windows-x64-baseline/-/opencode-windows-x64-baseline-1.2.21.tgz",
      "integrity": "sha512-axGhyTSsCg3C3RB8jfVGM6Jre72eDDGsiDep150Y4dZdylBt+m4eoF32HA9X8fZaGJaheAsoZg6KFr8Eg/ZsvA==",
      "cpu": [
        "x64"
      ],
      "optional": true,
      "os": [
        "win32"
      ]
    }
  }
}