{
  "name": "global",
  "lockfileVersion": 3,
  "requires": true,
  "packages": {
    "": {
      "dependencies": {
        "@anthropic-ai/claude-code": "^2.0.55",
        "@openai/codex": "^0.63.0",
        "@sourcegraph/amp": "^0.0.1764417684-g51a9e4",
        "@typescript/native-preview": "^7.0.0-dev.20251129.1",
        "opencode-ai": "^1.0.120"
      }
    },
    "node_modules/@anthropic-ai/claude-code": {
      "version": "2.0.55",
      "resolved": "https://registry.npmjs.org/@anthropic-ai/claude-code/-/claude-code-2.0.55.tgz",
      "integrity": "sha512-IVY6J2KgTP5BiCbLmuP3kAl8jbXfd6yGoXtvc0L0eiZwxJUMa+cubUU0U8qHRnVkNmDAis+O4P00KmeuGzSLWg==",
      "license": "SEE LICENSE IN README.md",
      "bin": {
        "claude": "cli.js"
      },
      "engines": {
        "node": ">=18.0.0"
      },
      "optionalDependencies": {
        "@img/sharp-darwin-arm64": "^0.33.5",
        "@img/sharp-darwin-x64": "^0.33.5",
        "@img/sharp-linux-arm": "^0.33.5",
        "@img/sharp-linux-arm64": "^0.33.5",
        "@img/sharp-linux-x64": "^0.33.5",
        "@img/sharp-linuxmusl-arm64": "^0.33.5",
        "@img/sharp-linuxmusl-x64": "^0.33.5",
        "@img/sharp-win32-x64": "^0.33.5"
      }
    },
    "node_modules/@img/sharp-darwin-arm64": {
      "version": "0.33.5",
      "resolved": "https://registry.npmjs.org/@img/sharp-darwin-arm64/-/sharp-darwin-arm64-0.33.5.tgz",
      "integrity": "sha512-UT4p+iz/2H4twwAoLCqfA9UH5pI6DggwKEGuaPy7nCVQ8ZsiY5PIcrRvD1DzuY3qYL07NtIQcWnBSY/heikIFQ==",
      "cpu": [
        "arm64"
      ],
      "license": "Apache-2.0",
      "optional": true,
      "os": [
        "darwin"
      ],
      "engines": {
        "node": "^18.17.0 || ^20.3.0 || >=21.0.0"
      },
      "funding": {
        "url": "https://opencollective.com/libvips"
      },
      "optionalDependencies": {
        "@img/sharp-libvips-darwin-arm64": "1.0.4"
      }
    },
    "node_modules/@img/sharp-darwin-x64": {
      "version": "0.33.5",
      "resolved": "https://registry.npmjs.org/@img/sharp-darwin-x64/-/sharp-darwin-x64-0.33.5.tgz",
      "integrity": "sha512-fyHac4jIc1ANYGRDxtiqelIbdWkIuQaI84Mv45KvGRRxSAa7o7d1ZKAOBaYbnepLC1WqxfpimdeWfvqqSGwR2Q==",
      "cpu": [
        "x64"
      ],
      "license": "Apache-2.0",
      "optional": true,
      "os": [
        "darwin"
      ],
      "engines": {
        "node": "^18.17.0 || ^20.3.0 || >=21.0.0"
      },
      "funding": {
        "url": "https://opencollective.com/libvips"
      },
      "optionalDependencies": {
        "@img/sharp-libvips-darwin-x64": "1.0.4"
      }
    },
    "node_modules/@img/sharp-libvips-darwin-arm64": {
      "version": "1.0.4",
      "resolved": "https://registry.npmjs.org/@img/sharp-libvips-darwin-arm64/-/sharp-libvips-darwin-arm64-1.0.4.tgz",
      "integrity": "sha512-XblONe153h0O2zuFfTAbQYAX2JhYmDHeWikp1LM9Hul9gVPjFY427k6dFEcOL72O01QxQsWi761svJ/ev9xEDg==",
      "cpu": [
        "arm64"
      ],
      "license": "LGPL-3.0-or-later",
      "optional": true,
      "os": [
        "darwin"
      ],
      "funding": {
        "url": "https://opencollective.com/libvips"
      }
    },
    "node_modules/@img/sharp-libvips-darwin-x64": {
      "version": "1.0.4",
      "resolved": "https://registry.npmjs.org/@img/sharp-libvips-darwin-x64/-/sharp-libvips-darwin-x64-1.0.4.tgz",
      "integrity": "sha512-xnGR8YuZYfJGmWPvmlunFaWJsb9T/AO2ykoP3Fz/0X5XV2aoYBPkX6xqCQvUTKKiLddarLaxpzNe+b1hjeWHAQ==",
      "cpu": [
        "x64"
      ],
      "license": "LGPL-3.0-or-later",
      "optional": true,
      "os": [
        "darwin"
      ],
      "funding": {
        "url": "https://opencollective.com/libvips"
      }
    },
    "node_modules/@img/sharp-libvips-linux-arm": {
      "version": "1.0.5",
      "resolved": "https://registry.npmjs.org/@img/sharp-libvips-linux-arm/-/sharp-libvips-linux-arm-1.0.5.tgz",
      "integrity": "sha512-gvcC4ACAOPRNATg/ov8/MnbxFDJqf/pDePbBnuBDcjsI8PssmjoKMAz4LtLaVi+OnSb5FK/yIOamqDwGmXW32g==",
      "cpu": [
        "arm"
      ],
      "license": "LGPL-3.0-or-later",
      "optional": true,
      "os": [
        "linux"
      ],
      "funding": {
        "url": "https://opencollective.com/libvips"
      }
    },
    "node_modules/@img/sharp-libvips-linux-arm64": {
      "version": "1.0.4",
      "resolved": "https://registry.npmjs.org/@img/sharp-libvips-linux-arm64/-/sharp-libvips-linux-arm64-1.0.4.tgz",
      "integrity": "sha512-9B+taZ8DlyyqzZQnoeIvDVR/2F4EbMepXMc/NdVbkzsJbzkUjhXv/70GQJ7tdLA4YJgNP25zukcxpX2/SueNrA==",
      "cpu": [
        "arm64"
      ],
      "license": "LGPL-3.0-or-later",
      "optional": true,
      "os": [
        "linux"
      ],
      "funding": {
        "url": "https://opencollective.com/libvips"
      }
    },
    "node_modules/@img/sharp-libvips-linux-x64": {
      "version": "1.0.4",
      "resolved": "https://registry.npmjs.org/@img/sharp-libvips-linux-x64/-/sharp-libvips-linux-x64-1.0.4.tgz",
      "integrity": "sha512-MmWmQ3iPFZr0Iev+BAgVMb3ZyC4KeFc3jFxnNbEPas60e1cIfevbtuyf9nDGIzOaW9PdnDciJm+wFFaTlj5xYw==",
      "cpu": [
        "x64"
      ],
      "license": "LGPL-3.0-or-later",
      "optional": true,
      "os": [
        "linux"
      ],
      "funding": {
        "url": "https://opencollective.com/libvips"
      }
    },
    "node_modules/@img/sharp-libvips-linuxmusl-arm64": {
      "version": "1.0.4",
      "resolved": "https://registry.npmjs.org/@img/sharp-libvips-linuxmusl-arm64/-/sharp-libvips-linuxmusl-arm64-1.0.4.tgz",
      "integrity": "sha512-9Ti+BbTYDcsbp4wfYib8Ctm1ilkugkA/uscUn6UXK1ldpC1JjiXbLfFZtRlBhjPZ5o1NCLiDbg8fhUPKStHoTA==",
      "cpu": [
        "arm64"
      ],
      "license": "LGPL-3.0-or-later",
      "optional": true,
      "os": [
        "linux"
      ],
      "funding": {
        "url": "https://opencollective.com/libvips"
      }
    },
    "node_modules/@img/sharp-libvips-linuxmusl-x64": {
      "version": "1.0.4",
      "resolved": "https://registry.npmjs.org/@img/sharp-libvips-linuxmusl-x64/-/sharp-libvips-linuxmusl-x64-1.0.4.tgz",
      "integrity": "sha512-viYN1KX9m+/hGkJtvYYp+CCLgnJXwiQB39damAO7WMdKWlIhmYTfHjwSbQeUK/20vY154mwezd9HflVFM1wVSw==",
      "cpu": [
        "x64"
      ],
      "license": "LGPL-3.0-or-later",
      "optional": true,
      "os": [
        "linux"
      ],
      "funding": {
        "url": "https://opencollective.com/libvips"
      }
    },
    "node_modules/@img/sharp-linux-arm": {
      "version": "0.33.5",
      "resolved": "https://registry.npmjs.org/@img/sharp-linux-arm/-/sharp-linux-arm-0.33.5.tgz",
      "integrity": "sha512-JTS1eldqZbJxjvKaAkxhZmBqPRGmxgu+qFKSInv8moZ2AmT5Yib3EQ1c6gp493HvrvV8QgdOXdyaIBrhvFhBMQ==",
      "cpu": [
        "arm"
      ],
      "license": "Apache-2.0",
      "optional": true,
      "os": [
        "linux"
      ],
      "engines": {
        "node": "^18.17.0 || ^20.3.0 || >=21.0.0"
      },
      "funding": {
        "url": "https://opencollective.com/libvips"
      },
      "optionalDependencies": {
        "@img/sharp-libvips-linux-arm": "1.0.5"
      }
    },
    "node_modules/@img/sharp-linux-arm64": {
      "version": "0.33.5",
      "resolved": "https://registry.npmjs.org/@img/sharp-linux-arm64/-/sharp-linux-arm64-0.33.5.tgz",
      "integrity": "sha512-JMVv+AMRyGOHtO1RFBiJy/MBsgz0x4AWrT6QoEVVTyh1E39TrCUpTRI7mx9VksGX4awWASxqCYLCV4wBZHAYxA==",
      "cpu": [
        "arm64"
      ],
      "license": "Apache-2.0",
      "optional": true,
      "os": [
        "linux"
      ],
      "engines": {
        "node": "^18.17.0 || ^20.3.0 || >=21.0.0"
      },
      "funding": {
        "url": "https://opencollective.com/libvips"
      },
      "optionalDependencies": {
        "@img/sharp-libvips-linux-arm64": "1.0.4"
      }
    },
    "node_modules/@img/sharp-linux-x64": {
      "version": "0.33.5",
      "resolved": "https://registry.npmjs.org/@img/sharp-linux-x64/-/sharp-linux-x64-0.33.5.tgz",
      "integrity": "sha512-opC+Ok5pRNAzuvq1AG0ar+1owsu842/Ab+4qvU879ippJBHvyY5n2mxF1izXqkPYlGuP/M556uh53jRLJmzTWA==",
      "cpu": [
        "x64"
      ],
      "license": "Apache-2.0",
      "optional": true,
      "os": [
        "linux"
      ],
      "engines": {
        "node": "^18.17.0 || ^20.3.0 || >=21.0.0"
      },
      "funding": {
        "url": "https://opencollective.com/libvips"
      },
      "optionalDependencies": {
        "@img/sharp-libvips-linux-x64": "1.0.4"
      }
    },
    "node_modules/@img/sharp-linuxmusl-arm64": {
      "version": "0.33.5",
      "resolved": "https://registry.npmjs.org/@img/sharp-linuxmusl-arm64/-/sharp-linuxmusl-arm64-0.33.5.tgz",
      "integrity": "sha512-XrHMZwGQGvJg2V/oRSUfSAfjfPxO+4DkiRh6p2AFjLQztWUuY/o8Mq0eMQVIY7HJ1CDQUJlxGGZRw1a5bqmd1g==",
      "cpu": [
        "arm64"
      ],
      "license": "Apache-2.0",
      "optional": true,
      "os": [
        "linux"
      ],
      "engines": {
        "node": "^18.17.0 || ^20.3.0 || >=21.0.0"
      },
      "funding": {
        "url": "https://opencollective.com/libvips"
      },
      "optionalDependencies": {
        "@img/sharp-libvips-linuxmusl-arm64": "1.0.4"
      }
    },
    "node_modules/@img/sharp-linuxmusl-x64": {
      "version": "0.33.5",
      "resolved": "https://registry.npmjs.org/@img/sharp-linuxmusl-x64/-/sharp-linuxmusl-x64-0.33.5.tgz",
      "integrity": "sha512-WT+d/cgqKkkKySYmqoZ8y3pxx7lx9vVejxW/W4DOFMYVSkErR+w7mf2u8m/y4+xHe7yY9DAXQMWQhpnMuFfScw==",
      "cpu": [
        "x64"
      ],
      "license": "Apache-2.0",
      "optional": true,
      "os": [
        "linux"
      ],
      "engines": {
        "node": "^18.17.0 || ^20.3.0 || >=21.0.0"
      },
      "funding": {
        "url": "https://opencollective.com/libvips"
      },
      "optionalDependencies": {
        "@img/sharp-libvips-linuxmusl-x64": "1.0.4"
      }
    },
    "node_modules/@img/sharp-win32-x64": {
      "version": "0.33.5",
      "resolved": "https://registry.npmjs.org/@img/sharp-win32-x64/-/sharp-win32-x64-0.33.5.tgz",
      "integrity": "sha512-MpY/o8/8kj+EcnxwvrP4aTJSWw/aZ7JIGR4aBeZkZw5B7/Jn+tY9/VNwtcoGmdT7GfggGIU4kygOMSbYnOrAbg==",
      "cpu": [
        "x64"
      ],
      "license": "Apache-2.0 AND LGPL-3.0-or-later",
      "optional": true,
      "os": [
        "win32"
      ],
      "engines": {
        "node": "^18.17.0 || ^20.3.0 || >=21.0.0"
      },
      "funding": {
        "url": "https://opencollective.com/libvips"
      }
    },
    "node_modules/@napi-rs/keyring": {
      "version": "1.1.9",
      "resolved": "https://registry.npmjs.org/@napi-rs/keyring/-/keyring-1.1.9.tgz",
      "integrity": "sha512-qjg04yaJ/gFqgG7wDqLlWBvZpsjvYDtwL+xOr2vSM2JrhojuIKsw7pH013U7xJOradTVGeQqhwqgZtt2IblgOw==",
      "license": "MIT",
      "engines": {
        "node": ">= 10"
      },
      "funding": {
        "type": "github",
        "url": "https://github.com/sponsors/Brooooooklyn"
      },
      "optionalDependencies": {
        "@napi-rs/keyring-darwin-arm64": "1.1.9",
        "@napi-rs/keyring-darwin-x64": "1.1.9",
        "@napi-rs/keyring-freebsd-x64": "1.1.9",
        "@napi-rs/keyring-linux-arm-gnueabihf": "1.1.9",
        "@napi-rs/keyring-linux-arm64-gnu": "1.1.9",
        "@napi-rs/keyring-linux-arm64-musl": "1.1.9",
        "@napi-rs/keyring-linux-riscv64-gnu": "1.1.9",
        "@napi-rs/keyring-linux-x64-gnu": "1.1.9",
        "@napi-rs/keyring-linux-x64-musl": "1.1.9",
        "@napi-rs/keyring-win32-arm64-msvc": "1.1.9",
        "@napi-rs/keyring-win32-ia32-msvc": "1.1.9",
        "@napi-rs/keyring-win32-x64-msvc": "1.1.9"
      }
    },
    "node_modules/@napi-rs/keyring-darwin-arm64": {
      "version": "1.1.9",
      "resolved": "https://registry.npmjs.org/@napi-rs/keyring-darwin-arm64/-/keyring-darwin-arm64-1.1.9.tgz",
      "integrity": "sha512-/lVnrSFrut+8pQC6IcqlfHKzcEmf2XvQDOZPB5X4vI23GrNXBd56EuBlFPdTBtx46A8Bn+Aqi6pS8cnprHtcCw==",
      "cpu": [
        "arm64"
      ],
      "license": "MIT",
      "optional": true,
      "os": [
        "darwin"
      ],
      "engines": {
        "node": ">= 10"
      }
    },
    "node_modules/@napi-rs/keyring-darwin-x64": {
      "version": "1.1.9",
      "resolved": "https://registry.npmjs.org/@napi-rs/keyring-darwin-x64/-/keyring-darwin-x64-1.1.9.tgz",
      "integrity": "sha512-G3PiFZTAFTzUnpSB31A/UaPjl48/3sDTLmLxaAZBEk7HcOyBnL31gA1YqhDCO7F2y5sD5TWiFiuID9MyqYOcjw==",
      "cpu": [
        "x64"
      ],
      "license": "MIT",
      "optional": true,
      "os": [
        "darwin"
      ],
      "engines": {
        "node": ">= 10"
      }
    },
    "node_modules/@napi-rs/keyring-freebsd-x64": {
      "version": "1.1.9",
      "resolved": "https://registry.npmjs.org/@napi-rs/keyring-freebsd-x64/-/keyring-freebsd-x64-1.1.9.tgz",
      "integrity": "sha512-R4XbvRhEzQyOy4yM+SMDgk8BgkLPkIzXGwR6QR0wJ2YrPeBx3F2TrgdHfsIGSn/X5Axg/2UlrCiZVciZ5BmusA==",
      "cpu": [
        "x64"
      ],
      "license": "MIT",
      "optional": true,
      "os": [
        "freebsd"
      ],
      "engines": {
        "node": ">= 10"
      }
    },
    "node_modules/@napi-rs/keyring-linux-arm-gnueabihf": {
      "version": "1.1.9",
      "resolved": "https://registry.npmjs.org/@napi-rs/keyring-linux-arm-gnueabihf/-/keyring-linux-arm-gnueabihf-1.1.9.tgz",
      "integrity": "sha512-UrKy110I+zQyBtw4HLVUqZ1jDq11K3PmQIYgWAJNwB5VQOj4IQ63zLxk4V01Jx4bNOJmGNlvHDJUAyh/lC5Yww==",
      "cpu": [
        "arm"
      ],
      "license": "MIT",
      "optional": true,
      "os": [
        "linux"
      ],
      "engines": {
        "node": ">= 10"
      }
    },
    "node_modules/@napi-rs/keyring-linux-arm64-gnu": {
      "version": "1.1.9",
      "resolved": "https://registry.npmjs.org/@napi-rs/keyring-linux-arm64-gnu/-/keyring-linux-arm64-gnu-1.1.9.tgz",
      "integrity": "sha512-yOrhVpNGexDYzybe3dhmHQRPBDjlZPtJDE+eGSi1JwEqYlWDB+4IWjRsetxnO63DhnMFRLeMTdwWghsYrA7VwA==",
      "cpu": [
        "arm64"
      ],
      "license": "MIT",
      "optional": true,
      "os": [
        "linux"
      ],
      "engines": {
        "node": ">= 10"
      }
    },
    "node_modules/@napi-rs/keyring-linux-arm64-musl": {
      "version": "1.1.9",
      "resolved": "https://registry.npmjs.org/@napi-rs/keyring-linux-arm64-musl/-/keyring-linux-arm64-musl-1.1.9.tgz",
      "integrity": "sha512-82EcuzoV/+Dxwi1HHhrEEprN5Ou7OsRKyTJSaRqiVuGvLaQDUhZX/4zXTTh4Pz24m22Q4aoJogafS31w8iKGGw==",
      "cpu": [
        "arm64"
      ],
      "license": "MIT",
      "optional": true,
      "os": [
        "linux"
      ],
      "engines": {
        "node": ">= 10"
      }
    },
    "node_modules/@napi-rs/keyring-linux-riscv64-gnu": {
      "version": "1.1.9",
      "resolved": "https://registry.npmjs.org/@napi-rs/keyring-linux-riscv64-gnu/-/keyring-linux-riscv64-gnu-1.1.9.tgz",
      "integrity": "sha512-Q1ar7DszC1X8FW6w7Ql7b72GFeAUxkTiOuxXChCFBy7eWCQSDrr52ZLroIowp82RmkQLZebnK+IwSssD2Ntoag==",
      "cpu": [
        "riscv64"
      ],
      "license": "MIT",
      "optional": true,
      "os": [
        "linux"
      ],
      "engines": {
        "node": ">= 10"
      }
    },
    "node_modules/@napi-rs/keyring-linux-x64-gnu": {
      "version": "1.1.9",
      "resolved": "https://registry.npmjs.org/@napi-rs/keyring-linux-x64-gnu/-/keyring-linux-x64-gnu-1.1.9.tgz",
      "integrity": "sha512-LMvrYt1ho3pEDECssA7ATbcMDgayEUwwSD+UfrC7Hj1+C6dlvipwt5njwUDCno2OeXbjjisCo4CR9fDmXa4sZA==",
      "cpu": [
        "x64"
      ],
      "license": "MIT",
      "optional": true,
      "os": [
        "linux"
      ],
      "engines": {
        "node": ">= 10"
      }
    },
    "node_modules/@napi-rs/keyring-linux-x64-musl": {
      "version": "1.1.9",
      "resolved": "https://registry.npmjs.org/@napi-rs/keyring-linux-x64-musl/-/keyring-linux-x64-musl-1.1.9.tgz",
      "integrity": "sha512-x2i/TgS2/fM+6LRj1MrtVC580sepz5GcxbSCXpttx2H58uZKBF0vVM9HDPHoKP2w5++fyrA17eltJNYN3Ob46A==",
      "cpu": [
        "x64"
      ],
      "license": "MIT",
      "optional": true,
      "os": [
        "linux"
      ],
      "engines": {
        "node": ">= 10"
      }
    },
    "node_modules/@napi-rs/keyring-win32-arm64-msvc": {
      "version": "1.1.9",
      "resolved": "https://registry.npmjs.org/@napi-rs/keyring-win32-arm64-msvc/-/keyring-win32-arm64-msvc-1.1.9.tgz",
      "integrity": "sha512-14t6p8CTBNfGzLO5LXqurT+pAOf/ocGjOM/qiG/LW+jPkhyJYBNI9e3HKq3QX+ObbnxVpt4fAY02b4XLt7EWig==",
      "cpu": [
        "arm64"
      ],
      "license": "MIT",
      "optional": true,
      "os": [
        "win32"
      ],
      "engines": {
        "node": ">= 10"
      }
    },
    "node_modules/@napi-rs/keyring-win32-ia32-msvc": {
      "version": "1.1.9",
      "resolved": "https://registry.npmjs.org/@napi-rs/keyring-win32-ia32-msvc/-/keyring-win32-ia32-msvc-1.1.9.tgz",
      "integrity": "sha512-7+7aXz5op6PtOnWYcK1GYXWQlk2zfpdPt9taLqmCCVpk1g4m3Gw1wyKyQxjrg9clHWdNhdWxhFEA0osDxG8/Eg==",
      "cpu": [
        "ia32"
      ],
      "license": "MIT",
      "optional": true,
      "os": [
        "win32"
      ],
      "engines": {
        "node": ">= 10"
      }
    },
    "node_modules/@napi-rs/keyring-win32-x64-msvc": {
      "version": "1.1.9",
      "resolved": "https://registry.npmjs.org/@napi-rs/keyring-win32-x64-msvc/-/keyring-win32-x64-msvc-1.1.9.tgz",
      "integrity": "sha512-P1wsSrSqDqvcXLL7yiH2RsO3De65wuEQj1ZjV9s1MHfEP5dIdriNYZfFsRBlOsl32GoK3qFzsuH5DTVviGEHSw==",
      "cpu": [
        "x64"
      ],
      "license": "MIT",
      "optional": true,
      "os": [
        "win32"
      ],
      "engines": {
        "node": ">= 10"
      }
    },
    "node_modules/@openai/codex": {
      "version": "0.63.0",
      "resolved": "https://registry.npmjs.org/@openai/codex/-/codex-0.63.0.tgz",
      "integrity": "sha512-PyE6WdF4tLLtrtFkj4RsCV6TD6W42G1lCyT5vIHQSZNxgfbXJdXYjwW3TepjoCraJGtXhxwjcPILksBUn34s1g==",
      "license": "Apache-2.0",
      "bin": {
        "codex": "bin/codex.js"
      },
      "engines": {
        "node": ">=16"
      }
    },
    "node_modules/@sourcegraph/amp": {
      "version": "0.0.1764417684-g51a9e4",
      "resolved": "https://registry.npmjs.org/@sourcegraph/amp/-/amp-0.0.1764417684-g51a9e4.tgz",
      "integrity": "sha512-TMRGGYT0bz5xs0kD3dUpwmeueH0wpizA3kVUZhHiO4q8ozSNf2g4REjCNIo2ChX2wuwZAyEeMH70d7RJnV6VUg==",
      "license": "Sourcegraph Commercial License",
      "dependencies": {
        "@napi-rs/keyring": "1.1.9"
      },
      "bin": {
        "amp": "dist/main.js"
      },
      "engines": {
        "node": ">=20"
      }
    },
    "node_modules/@typescript/native-preview": {
      "version": "7.0.0-dev.20251129.1",
      "resolved": "https://registry.npmjs.org/@typescript/native-preview/-/native-preview-7.0.0-dev.20251129.1.tgz",
      "integrity": "sha512-YwRFC/AHWvIASUarrrkmuT3yPzZIuKDRSSYhH9CfcmxUfF6WUyEiHGA9ahGKY+F5hxiChG2982wk3DcrH8t2Ig==",
      "license": "Apache-2.0",
      "bin": {
        "tsgo": "bin/tsgo.js"
      },
      "optionalDependencies": {
        "@typescript/native-preview-darwin-arm64": "7.0.0-dev.20251129.1",
        "@typescript/native-preview-darwin-x64": "7.0.0-dev.20251129.1",
        "@typescript/native-preview-linux-arm": "7.0.0-dev.20251129.1",
        "@typescript/native-preview-linux-arm64": "7.0.0-dev.20251129.1",
        "@typescript/native-preview-linux-x64": "7.0.0-dev.20251129.1",
        "@typescript/native-preview-win32-arm64": "7.0.0-dev.20251129.1",
        "@typescript/native-preview-win32-x64": "7.0.0-dev.20251129.1"
      }
    },
    "node_modules/@typescript/native-preview-darwin-arm64": {
      "version": "7.0.0-dev.20251129.1",
      "resolved": "https://registry.npmjs.org/@typescript/native-preview-darwin-arm64/-/native-preview-darwin-arm64-7.0.0-dev.20251129.1.tgz",
      "integrity": "sha512-BL60UBF2Q/2H4bSxcl5df8rVGz2v6Nan79aVEcgWPeGf65BxKPUqdV1Fc4+zqn5dj9slcx2NTkV46onlq1+E6g==",
      "cpu": [
        "arm64"
      ],
      "license": "Apache-2.0",
      "optional": true,
      "os": [
        "darwin"
      ]
    },
    "node_modules/@typescript/native-preview-darwin-x64": {
      "version": "7.0.0-dev.20251129.1",
      "resolved": "https://registry.npmjs.org/@typescript/native-preview-darwin-x64/-/native-preview-darwin-x64-7.0.0-dev.20251129.1.tgz",
      "integrity": "sha512-kzjGXa+D663RaEl/bv7e9L8rIjXK/WhqoKPbQtNjJC6JCbb0L438c6wnfSMNyO6xGVFe2VtGiaJe6yAGnek5Vw==",
      "cpu": [
        "x64"
      ],
      "license": "Apache-2.0",
      "optional": true,
      "os": [
        "darwin"
      ]
    },
    "node_modules/@typescript/native-preview-linux-arm": {
      "version": "7.0.0-dev.20251129.1",
      "resolved": "https://registry.npmjs.org/@typescript/native-preview-linux-arm/-/native-preview-linux-arm-7.0.0-dev.20251129.1.tgz",
      "integrity": "sha512-wnyMoYcchhn7gUPFQbBeB0MAFi2SfugE99VGHDDmpCK2GsLI6VVx76d66C4QxtNuJLTHJhgKe60m8gKxAPol6w==",
      "cpu": [
        "arm"
      ],
      "license": "Apache-2.0",
      "optional": true,
      "os": [
        "linux"
      ]
    },
    "node_modules/@typescript/native-preview-linux-arm64": {
      "version": "7.0.0-dev.20251129.1",
      "resolved": "https://registry.npmjs.org/@typescript/native-preview-linux-arm64/-/native-preview-linux-arm64-7.0.0-dev.20251129.1.tgz",
      "integrity": "sha512-29cmzHC0L/Puw/pHZFxuUGaWEfonNloFcsT8yfwFm0+lyQxifPxOvLDlNP9pLPQMc/nCyC4hMKIImzh7q/HorQ==",
      "cpu": [
        "arm64"
      ],
      "license": "Apache-2.0",
      "optional": true,
      "os": [
        "linux"
      ]
    },
    "node_modules/@typescript/native-preview-linux-x64": {
      "version": "7.0.0-dev.20251129.1",
      "resolved": "https://registry.npmjs.org/@typescript/native-preview-linux-x64/-/native-preview-linux-x64-7.0.0-dev.20251129.1.tgz",
      "integrity": "sha512-5bpo18sgTXz/Wi2ikC0FK+z3ONeECU5Xv9a4jmnGhQ7L0Hnfq+ZdH7uk5sMe6CbnrQkP6L46hawwiJaGim50sQ==",
      "cpu": [
        "x64"
      ],
      "license": "Apache-2.0",
      "optional": true,
      "os": [
        "linux"
      ]
    },
    "node_modules/@typescript/native-preview-win32-arm64": {
      "version": "7.0.0-dev.20251129.1",
      "resolved": "https://registry.npmjs.org/@typescript/native-preview-win32-arm64/-/native-preview-win32-arm64-7.0.0-dev.20251129.1.tgz",
      "integrity": "sha512-TLhNpfjZ1EHQba3VltprcAobH8tmx9DW8+EcLbXdXiq03GrocstN7LgIuYmQ7xRqDRfdoPDX0zuTkDLNw6iAmA==",
      "cpu": [
        "arm64"
      ],
      "license": "Apache-2.0",
      "optional": true,
      "os": [
        "win32"
      ]
    },
    "node_modules/@typescript/native-preview-win32-x64": {
      "version": "7.0.0-dev.20251129.1",
      "resolved": "https://registry.npmjs.org/@typescript/native-preview-win32-x64/-/native-preview-win32-x64-7.0.0-dev.20251129.1.tgz",
      "integrity": "sha512-5rT0u4MvXhikzLqiLOHzDFaVi+V6y9QX0OII8QZIxD/GoVuLSsdQ8UlX/t8GJKq77mBR2z/u0Pg+HJZBSwJBmg==",
      "cpu": [
        "x64"
      ],
      "license": "Apache-2.0",
      "optional": true,
      "os": [
        "win32"
      ]
    },
    "node_modules/opencode-ai": {
      "version": "1.0.120",
      "resolved": "https://registry.npmjs.org/opencode-ai/-/opencode-ai-1.0.120.tgz",
      "integrity": "sha512-ASCboKjmLyT8T9bwSjPYXrJJRHzHB2PKTKMxayivTNdXhA4fwibKVx1Svua9wzjh06rsKjxSO07mB5mOhI/Y2g==",
      "hasInstallScript": true,
      "bin": {
        "opencode": "bin/opencode"
      },
      "optionalDependencies": {
        "opencode-darwin-arm64": "1.0.120",
        "opencode-darwin-x64": "1.0.120",
        "opencode-darwin-x64-baseline": "1.0.120",
        "opencode-linux-arm64": "1.0.120",
        "opencode-linux-arm64-musl": "1.0.120",
        "opencode-linux-x64": "1.0.120",
        "opencode-linux-x64-baseline": "1.0.120",
        "opencode-linux-x64-baseline-musl": "1.0.120",
        "opencode-linux-x64-musl": "1.0.120",
        "opencode-windows-x64": "1.0.120",
        "opencode-windows-x64-baseline": "1.0.120"
      }
    },
    "node_modules/opencode-darwin-arm64": {
      "version": "1.0.120",
      "resolved": "https://registry.npmjs.org/opencode-darwin-arm64/-/opencode-darwin-arm64-1.0.120.tgz",
      "integrity": "sha512-KtEltHR+fUKpcz2ISiqo4uQNvpbtyiZOSDLSHkJQxw0VQfcT9GrapNEpyHmk9jo2m6fD1gd4mWsb9oncmJ3slg==",
      "cpu": [
        "arm64"
      ],
      "optional": true,
      "os": [
        "darwin"
      ]
    },
    "node_modules/opencode-darwin-x64": {
      "version": "1.0.120",
      "resolved": "https://registry.npmjs.org/opencode-darwin-x64/-/opencode-darwin-x64-1.0.120.tgz",
      "integrity": "sha512-PYpkMBELaKOSERS25iPK3yFUFi45Mv08KarVIqfVfo1X7ZnuRbHHJ9/vrYJ0bI2NLJLSQOTrdP7bYfn3TfBjMw==",
      "cpu": [
        "x64"
      ],
      "optional": true,
      "os": [
        "darwin"
      ]
    },
    "node_modules/opencode-darwin-x64-baseline": {
      "version": "1.0.120",
      "resolved": "https://registry.npmjs.org/opencode-darwin-x64-baseline/-/opencode-darwin-x64-baseline-1.0.120.tgz",
      "integrity": "sha512-ZeCwqLehCROiBQ+hoR8FeL2FAm/Wsq/ATyH/o87nRSjgjpGjL5xs0/P39mGdzUX+dctHT2ElbxwBVcMEZiCyTg==",
      "cpu": [
        "x64"
      ],
      "optional": true,
      "os": [
        "darwin"
      ]
    },
    "node_modules/opencode-linux-arm64": {
      "version": "1.0.120",
      "resolved": "https://registry.npmjs.org/opencode-linux-arm64/-/opencode-linux-arm64-1.0.120.tgz",
      "integrity": "sha512-/TFN5flKPYxSGZDyZE/wCW7Qrs1EGlPKEYtWhDcf+D9xOr2tZe8DvVEs7TMBetBqekCGdlrT1qKTm5Ze2gmVAw==",
      "cpu": [
        "arm64"
      ],
      "optional": true,
      "os": [
        "linux"
      ]
    },
    "node_modules/opencode-linux-arm64-musl": {
      "version": "1.0.120",
      "resolved": "https://registry.npmjs.org/opencode-linux-arm64-musl/-/opencode-linux-arm64-musl-1.0.120.tgz",
      "integrity": "sha512-K+LDxLk5I8rlTO6UwpmmmHc+0TeXJJ25ngoAwB1Yw6JDHTcWMJs2Dn5rI3zMi3khrt1WAYKJPkxKCMKxtoXNaA==",
      "cpu": [
        "arm64"
      ],
      "optional": true,
      "os": [
        "linux"
      ]
    },
    "node_modules/opencode-linux-x64": {
      "version": "1.0.120",
      "resolved": "https://registry.npmjs.org/opencode-linux-x64/-/opencode-linux-x64-1.0.120.tgz",
      "integrity": "sha512-P5rHhP5G20meZqBD9CfM9791bhz3i5Nt7cZY2ex/rrH5iHB6D54G3kCNj7bzQR1xRWMTpFJu8zFHXuYynnbKug==",
      "cpu": [
        "x64"
      ],
      "optional": true,
      "os": [
        "linux"
      ]
    },
    "node_modules/opencode-linux-x64-baseline": {
      "version": "1.0.120",
      "resolved": "https://registry.npmjs.org/opencode-linux-x64-baseline/-/opencode-linux-x64-baseline-1.0.120.tgz",
      "integrity": "sha512-XYHe70WL2q61B4+/Ew5xTX1WgX4wPAtdnT1tUj9giiM9HZSGLM/TfLM2+GABOlsJvdZi6FWeoVjaeFu8YGWMww==",
      "cpu": [
        "x64"
      ],
      "optional": true,
      "os": [
        "linux"
      ]
    },
    "node_modules/opencode-linux-x64-baseline-musl": {
      "version": "1.0.120",
      "resolved": "https://registry.npmjs.org/opencode-linux-x64-baseline-musl/-/opencode-linux-x64-baseline-musl-1.0.120.tgz",
      "integrity": "sha512-19vyS+dhJ2f6qAfcdHgabQRsf7fJguPlBGjGLimzc20m7jsEJwJWU7HcMgS2JjnotZHi8MygYq6gGy4vYx51WQ==",
      "cpu": [
        "x64"
      ],
      "optional": true,
      "os": [
        "linux"
      ]
    },
    "node_modules/opencode-linux-x64-musl": {
      "version": "1.0.120",
      "resolved": "https://registry.npmjs.org/opencode-linux-x64-musl/-/opencode-linux-x64-musl-1.0.120.tgz",
      "integrity": "sha512-A1YUfHAsYlY6AVhJ0duE5hguOCInRbHe21pzfbWddWNKIcqu6v6f/BXuOrMYh/QsgHr5ZMRIYxhDRPqD7iraUg==",
      "cpu": [
        "x64"
      ],
      "optional": true,
      "os": [
        "linux"
      ]
    },
    "node_modules/opencode-windows-x64": {
      "version": "1.0.120",
      "resolved": "https://registry.npmjs.org/opencode-windows-x64/-/opencode-windows-x64-1.0.120.tgz",
      "integrity": "sha512-ChxpJPIIt6XZpXpSZoLhdVSXs4wZaFwOeD6arqfmONXJolpWckHVUmBLREOjtKM3EEsexZCHzO4FU/58niom/A==",
      "cpu": [
        "x64"
      ],
      "optional": true,
      "os": [
        "win32"
      ]
    },
    "node_modules/opencode-windows-x64-baseline": {
      "version": "1.0.120",
      "resolved": "https://registry.npmjs.org/opencode-windows-x64-baseline/-/opencode-windows-x64-baseline-1.0.120.tgz",
      "integrity": "sha512-H9/5fP0t6vX9NrG71jpSElWbWZwsEDIc8atclPLXliMteZ7U1DitHPKMhj8x35Q7mbGgkwCL7JGVLCXvY0/XHQ==",
      "cpu": [
        "x64"
      ],
      "optional": true,
      "os": [
        "win32"
      ]
    }
  }
}