{
  "name": "global",
  "lockfileVersion": 3,
  "requires": true,
  "packages": {
    "": {
      "dependencies": {
        "@anthropic-ai/claude-code": "^2.0.22",
        "@openai/codex": "^0.47.0",
        "@sourcegraph/amp": "^0.0.1760775904-ga02007",
        "@typescript/native-preview": "^7.0.0-dev.20251018.1"
      }
    },
    "node_modules/@anthropic-ai/claude-code": {
      "version": "2.0.22",
      "license": "SEE LICENSE IN README.md",
      "bin": {
        "claude": "cli.js"
      },
      "engines": {
        "node": ">=18.0.0"
      },
      "optionalDependencies": {
        "@img/sharp-darwin-arm64": "^0.33.5",
        "@img/sharp-darwin-x64": "^0.33.5",
        "@img/sharp-linux-arm": "^0.33.5",
        "@img/sharp-linux-arm64": "^0.33.5",
        "@img/sharp-linux-x64": "^0.33.5",
        "@img/sharp-win32-x64": "^0.33.5"
      },
      "resolved": "https://registry.npmjs.org/@anthropic-ai/claude-code/-/claude-code-2.0.22.tgz",
      "integrity": "sha512-3FVySgr2zYrHnQ0deOeCzXdLSa/JkCBm1QR7x4j07puNnvHrFhBo6whv/IMOcSvxL62RRW3csRcGsQhUGPNc/w=="
    },
    "node_modules/@img/sharp-darwin-arm64": {
      "version": "0.33.5",
      "cpu": [
        "arm64"
      ],
      "license": "Apache-2.0",
      "optional": true,
      "os": [
        "darwin"
      ],
      "engines": {
        "node": "^18.17.0 || ^20.3.0 || >=21.0.0"
      },
      "funding": {
        "url": "https://opencollective.com/libvips"
      },
      "optionalDependencies": {
        "@img/sharp-libvips-darwin-arm64": "1.0.4"
      },
      "resolved": "https://registry.npmjs.org/@img/sharp-darwin-arm64/-/sharp-darwin-arm64-0.33.5.tgz",
      "integrity": "sha512-UT4p+iz/2H4twwAoLCqfA9UH5pI6DggwKEGuaPy7nCVQ8ZsiY5PIcrRvD1DzuY3qYL07NtIQcWnBSY/heikIFQ=="
    },
    "node_modules/@img/sharp-libvips-darwin-arm64": {
      "version": "1.0.4",
      "cpu": [
        "arm64"
      ],
      "license": "LGPL-3.0-or-later",
      "optional": true,
      "os": [
        "darwin"
      ],
      "funding": {
        "url": "https://opencollective.com/libvips"
      },
      "resolved": "https://registry.npmjs.org/@img/sharp-libvips-darwin-arm64/-/sharp-libvips-darwin-arm64-1.0.4.tgz",
      "integrity": "sha512-XblONe153h0O2zuFfTAbQYAX2JhYmDHeWikp1LM9Hul9gVPjFY427k6dFEcOL72O01QxQsWi761svJ/ev9xEDg=="
    },
    "node_modules/@napi-rs/keyring": {
      "version": "1.1.9",
      "license": "MIT",
      "engines": {
        "node": ">= 10"
      },
      "funding": {
        "type": "github",
        "url": "https://github.com/sponsors/Brooooooklyn"
      },
      "optionalDependencies": {
        "@napi-rs/keyring-darwin-arm64": "1.1.9",
        "@napi-rs/keyring-darwin-x64": "1.1.9",
        "@napi-rs/keyring-freebsd-x64": "1.1.9",
        "@napi-rs/keyring-linux-arm-gnueabihf": "1.1.9",
        "@napi-rs/keyring-linux-arm64-gnu": "1.1.9",
        "@napi-rs/keyring-linux-arm64-musl": "1.1.9",
        "@napi-rs/keyring-linux-riscv64-gnu": "1.1.9",
        "@napi-rs/keyring-linux-x64-gnu": "1.1.9",
        "@napi-rs/keyring-linux-x64-musl": "1.1.9",
        "@napi-rs/keyring-win32-arm64-msvc": "1.1.9",
        "@napi-rs/keyring-win32-ia32-msvc": "1.1.9",
        "@napi-rs/keyring-win32-x64-msvc": "1.1.9"
      },
      "resolved": "https://registry.npmjs.org/@napi-rs/keyring/-/keyring-1.1.9.tgz",
      "integrity": "sha512-qjg04yaJ/gFqgG7wDqLlWBvZpsjvYDtwL+xOr2vSM2JrhojuIKsw7pH013U7xJOradTVGeQqhwqgZtt2IblgOw=="
    },
    "node_modules/@napi-rs/keyring-darwin-arm64": {
      "version": "1.1.9",
      "cpu": [
        "arm64"
      ],
      "license": "MIT",
      "optional": true,
      "os": [
        "darwin"
      ],
      "engines": {
        "node": ">= 10"
      },
      "resolved": "https://registry.npmjs.org/@napi-rs/keyring-darwin-arm64/-/keyring-darwin-arm64-1.1.9.tgz",
      "integrity": "sha512-/lVnrSFrut+8pQC6IcqlfHKzcEmf2XvQDOZPB5X4vI23GrNXBd56EuBlFPdTBtx46A8Bn+Aqi6pS8cnprHtcCw=="
    },
    "node_modules/@openai/codex": {
      "version": "0.47.0",
      "license": "Apache-2.0",
      "bin": {
        "codex": "bin/codex.js"
      },
      "engines": {
        "node": ">=16"
      },
      "resolved": "https://registry.npmjs.org/@openai/codex/-/codex-0.47.0.tgz",
      "integrity": "sha512-v0K5fDRhftqvE9oo1W3lD1DD2BhN9j4bLbw08V0Ikp3ur7fJnGEIEIM8jvom27orofOF7Es1ez0ML8N45aQWvA=="
    },
    "node_modules/@sourcegraph/amp": {
      "version": "0.0.1760775904-ga02007",
      "dependencies": {
        "@napi-rs/keyring": "1.1.9"
      },
      "bin": {
        "amp": "dist/main.js"
      },
      "engines": {
        "node": ">=20"
      },
      "resolved": "https://registry.npmjs.org/@sourcegraph/amp/-/amp-0.0.1760775904-ga02007.tgz",
      "integrity": "sha512-4x2Mb41qq69yPkyFEWEF2CMpbx/bDYG1y0qZrTs+raMM/V2wd90vcJC3L4lL3bgmMYKFy7M4z2A1Lsqb0W17JA=="
    },
    "node_modules/@typescript/native-preview": {
      "version": "7.0.0-dev.20251018.1",
      "license": "Apache-2.0",
      "bin": {
        "tsgo": "bin/tsgo.js"
      },
      "optionalDependencies": {
        "@typescript/native-preview-darwin-arm64": "7.0.0-dev.20251018.1",
        "@typescript/native-preview-darwin-x64": "7.0.0-dev.20251018.1",
        "@typescript/native-preview-linux-arm": "7.0.0-dev.20251018.1",
        "@typescript/native-preview-linux-arm64": "7.0.0-dev.20251018.1",
        "@typescript/native-preview-linux-x64": "7.0.0-dev.20251018.1",
        "@typescript/native-preview-win32-arm64": "7.0.0-dev.20251018.1",
        "@typescript/native-preview-win32-x64": "7.0.0-dev.20251018.1"
      },
      "resolved": "https://registry.npmjs.org/@typescript/native-preview/-/native-preview-7.0.0-dev.20251018.1.tgz",
      "integrity": "sha512-7Jg5vk8GZtp6Tpxq5DRF8AgWabB8naOHN4f8VnUcchMsZHz2LNmsaNCY96PZgh6EE12fF+zAGDfTJ5cgWaJshw=="
    },
    "node_modules/@typescript/native-preview-darwin-arm64": {
      "version": "7.0.0-dev.20251018.1",
      "cpu": [
        "arm64"
      ],
      "license": "Apache-2.0",
      "optional": true,
      "os": [
        "darwin"
      ],
      "resolved": "https://registry.npmjs.org/@typescript/native-preview-darwin-arm64/-/native-preview-darwin-arm64-7.0.0-dev.20251018.1.tgz",
      "integrity": "sha512-a7I5ZmkI2s8MwtImzTYfwOpZuaBn/xZRMiKoTSoTZpuZPwer0FxN+B60rn3G07cWGLM+Cs1tSb2HC8iCgD+H/w=="
    }
  }
}